
Microsoft Visual Studio Solution File, Format Version 12.00
# Visual Studio Version 17
VisualStudioVersion = 17.0.31903.59
MinimumVisualStudioVersion = 10.0.40219.1
Project("{9A19103F-16F7-4668-BE54-9A1E7A4F7556}") = "Hto3.SimpleSpecsDetector", "Hto3.SimpleSpecsDetector\Hto3.SimpleSpecsDetector.csproj", "{E6B537E6-6E3E-473B-AB8A-59A4EDBC0A2E}"
EndProject
Project("{FAE04EC0-301F-11D3-BF4B-00C04F79EFBC}") = "Hto3.SimpleSpecsDetector.TestNet461", "Hto3.SimpleSpecsDetector.TestNet461\Hto3.SimpleSpecsDetector.TestNet461.csproj", "{C28F1B2E-B78D-4BB9-9A01-EAF913788C69}"
EndProject
Project("{2150E333-8FDC-42A3-9474-1A3956D46DE8}") = "Solution Items", "Solution Items", "{F354B9F8-F81F-4C8A-9040-34A76BB6339A}"
	ProjectSection(SolutionItems) = preProject
		.gitattributes = .gitattributes
		.gitignore = .gitignore
		example.png = example.png
		LICENSE = LICENSE
		nuget-logo-small.png = nuget-logo-small.png
		nuget-logo.kra = nuget-logo.kra
		nuget-logo.png = nuget-logo.png
		README.md = README.md
	EndProjectSection
EndProject
Project("{9A19103F-16F7-4668-BE54-9A1E7A4F7556}") = "Hto3.SimpleSpecsDetector.TestNet60", "Hto3.SimpleSpecsDetector.TestNet60\Hto3.SimpleSpecsDetector.TestNet60.csproj", "{D9BF0FA3-B71F-4AAB-BFC3-CC0D01E18D43}"
EndProject
Project("{2150E333-8FDC-42A3-9474-1A3956D46DE8}") = ".github", ".github", "{3DDCCB91-95B2-4AF0-820D-04A5354BA2AB}"
EndProject
Project("{2150E333-8FDC-42A3-9474-1A3956D46DE8}") = "workflows", "workflows", "{6577B6CF-C2C1-4023-82A8-E4FC50D68B2B}"
	ProjectSection(SolutionItems) = preProject
		.github\workflows\publish.yml = .github\workflows\publish.yml
	EndProjectSection
EndProject
Project("{9A19103F-16F7-4668-BE54-9A1E7A4F7556}") = "Hto3.SimpleSpecsDetector.TestNet70", "Hto3.SimpleSpecsDetector.TestNet70\Hto3.SimpleSpecsDetector.TestNet70.csproj", "{E046AEDE-525E-4F9D-B0D2-CAE64E3D586B}"
EndProject
Project("{9A19103F-16F7-4668-BE54-9A1E7A4F7556}") = "Hto3.SimpleSpecsDetector.TestNet80", "Hto3.SimpleSpecsDetector.TestNet80\Hto3.SimpleSpecsDetector.TestNet80.csproj", "{997B207E-52F4-4966-A396-4954698F896C}"
EndProject
Project("{9A19103F-16F7-4668-BE54-9A1E7A4F7556}") = "Hto3.SimpleSpecsDetector.TestNet50", "Hto3.SimpleSpecsDetector.TestNet50\Hto3.SimpleSpecsDetector.TestNet50.csproj", "{7B4A3963-E4FD-4BA3-BCF1-D18FAD0D32A7}"
EndProject
Project("{9A19103F-16F7-4668-BE54-9A1E7A4F7556}") = "Hto3.SimpleSpecsDetector.TestNetCore31", "Hto3.SimpleSpecsDetector.TestNetCore31\Hto3.SimpleSpecsDetector.TestNetCore31.csproj", "{D196232E-5400-4107-B364-14A536934FE8}"
EndProject
Global
	GlobalSection(SolutionConfigurationPlatforms) = preSolution
		Debug|Any CPU = Debug|Any CPU
		Release|Any CPU = Release|Any CPU
	EndGlobalSection
	GlobalSection(ProjectConfigurationPlatforms) = postSolution
		{E6B537E6-6E3E-473B-AB8A-59A4EDBC0A2E}.Debug|Any CPU.ActiveCfg = Debug|Any CPU
		{E6B537E6-6E3E-473B-AB8A-59A4EDBC0A2E}.Debug|Any CPU.Build.0 = Debug|Any CPU
		{E6B537E6-6E3E-473B-AB8A-59A4EDBC0A2E}.Release|Any CPU.ActiveCfg = Release|Any CPU
		{E6B537E6-6E3E-473B-AB8A-59A4EDBC0A2E}.Release|Any CPU.Build.0 = Release|Any CPU
		{C28F1B2E-B78D-4BB9-9A01-EAF913788C69}.Debug|Any CPU.ActiveCfg = Debug|Any CPU
		{C28F1B2E-B78D-4BB9-9A01-EAF913788C69}.Debug|Any CPU.Build.0 = Debug|Any CPU
		{C28F1B2E-B78D-4BB9-9A01-EAF913788C69}.Release|Any CPU.ActiveCfg = Release|Any CPU
		{C28F1B2E-B78D-4BB9-9A01-EAF913788C69}.Release|Any CPU.Build.0 = Release|Any CPU
		{D9BF0FA3-B71F-4AAB-BFC3-CC0D01E18D43}.Debug|Any CPU.ActiveCfg = Debug|Any CPU
		{D9BF0FA3-B71F-4AAB-BFC3-CC0D01E18D43}.Debug|Any CPU.Build.0 = Debug|Any CPU
		{D9BF0FA3-B71F-4AAB-BFC3-CC0D01E18D43}.Release|Any CPU.ActiveCfg = Release|Any CPU
		{D9BF0FA3-B71F-4AAB-BFC3-CC0D01E18D43}.Release|Any CPU.Build.0 = Release|Any CPU
		{E046AEDE-525E-4F9D-B0D2-CAE64E3D586B}.Debug|Any CPU.ActiveCfg = Debug|Any CPU
		{E046AEDE-525E-4F9D-B0D2-CAE64E3D586B}.Debug|Any CPU.Build.0 = Debug|Any CPU
		{E046AEDE-525E-4F9D-B0D2-CAE64E3D586B}.Release|Any CPU.ActiveCfg = Release|Any CPU
		{E046AEDE-525E-4F9D-B0D2-CAE64E3D586B}.Release|Any CPU.Build.0 = Release|Any CPU
		{997B207E-52F4-4966-A396-4954698F896C}.Debug|Any CPU.ActiveCfg = Debug|Any CPU
		{997B207E-52F4-4966-A396-4954698F896C}.Debug|Any CPU.Build.0 = Debug|Any CPU
		{997B207E-52F4-4966-A396-4954698F896C}.Release|Any CPU.ActiveCfg = Release|Any CPU
		{997B207E-52F4-4966-A396-4954698F896C}.Release|Any CPU.Build.0 = Release|Any CPU
		{7B4A3963-E4FD-4BA3-BCF1-D18FAD0D32A7}.Debug|Any CPU.ActiveCfg = Debug|Any CPU
		{7B4A3963-E4FD-4BA3-BCF1-D18FAD0D32A7}.Debug|Any CPU.Build.0 = Debug|Any CPU
		{7B4A3963-E4FD-4BA3-BCF1-D18FAD0D32A7}.Release|Any CPU.ActiveCfg = Release|Any CPU
		{7B4A3963-E4FD-4BA3-BCF1-D18FAD0D32A7}.Release|Any CPU.Build.0 = Release|Any CPU
		{D196232E-5400-4107-B364-14A536934FE8}.Debug|Any CPU.ActiveCfg = Debug|Any CPU
		{D196232E-5400-4107-B364-14A536934FE8}.Debug|Any CPU.Build.0 = Debug|Any CPU
		{D196232E-5400-4107-B364-14A536934FE8}.Release|Any CPU.ActiveCfg = Release|Any CPU
		{D196232E-5400-4107-B364-14A536934FE8}.Release|Any CPU.Build.0 = Release|Any CPU
	EndGlobalSection
	GlobalSection(SolutionProperties) = preSolution
		HideSolutionNode = FALSE
	EndGlobalSection
	GlobalSection(NestedProjects) = preSolution
		{3DDCCB91-95B2-4AF0-820D-04A5354BA2AB} = {F354B9F8-F81F-4C8A-9040-34A76BB6339A}
		{6577B6CF-C2C1-4023-82A8-E4FC50D68B2B} = {3DDCCB91-95B2-4AF0-820D-04A5354BA2AB}
	EndGlobalSection
	GlobalSection(ExtensibilityGlobals) = postSolution
		SolutionGuid = {8B5704FF-7FB4-4384-A666-8AF90CE165E5}
	EndGlobalSection
EndGlobal
